
Microsoft Visual Studio Solution File, Format Version 12.00
# Visual Studio Version 16
VisualStudioVersion = 16.0.31702.278
MinimumVisualStudioVersion = 10.0.40219.1
Project("{FAE04EC0-301F-11D3-BF4B-00C04F79EFBC}") = "Demo1", "Demo1\Demo1.csproj", "{ED7F85D6-229F-4066-98B0-C6A7DE5183D0}"
EndProject
Global
	GlobalSection(SolutionConfigurationPlatforms) = preSolution
		Debug|Any CPU = Debug|Any CPU
		Release|Any CPU = Release|Any CPU
	EndGlobalSection
	GlobalSection(ProjectConfigurationPlatforms) = postSolution
		{ED7F85D6-229F-4066-98B0-C6A7DE5183D0}.Debug|Any CPU.ActiveCfg = Debug|Any CPU
		{ED7F85D6-229F-4066-98B0-C6A7DE5183D0}.Debug|Any CPU.Build.0 = Debug|Any CPU
		{ED7F85D6-229F-4066-98B0-C6A7DE5183D0}.Release|Any CPU.ActiveCfg = Release|Any CPU
		{ED7F85D6-229F-4066-98B0-C6A7DE5183D0}.Release|Any CPU.Build.0 = Release|Any CPU
	EndGlobalSection
	GlobalSection(SolutionProperties) = preSolution
		HideSolutionNode = FALSE
	EndGlobalSection
	GlobalSection(ExtensibilityGlobals) = postSolution
		SolutionGuid = {A27B2AAB-794D-4804-95DF-34151A35A151}
	EndGlobalSection
EndGlobal
